// !$*UTF8*$!
{
	archiveVersion = 1;
	classes = {
	};
	objectVersion = 46;
	objects = {

/* Begin PBXBuildFile section */
		75D287591F1BC5C1001796D3 /* AppDelegate.swift in Sources */ = {isa = PBXBuildFile; fileRef = 75D287581F1BC5C1001796D3 /* AppDelegate.swift */; };
		75D2875B1F1BC5C1001796D3 /* ViewController.swift in Sources */ = {isa = PBXBuildFile; fileRef = 75D2875A1F1BC5C1001796D3 /* ViewController.swift */; };
		75D2875E1F1BC5C1001796D3 /* Main.storyboard in Resources */ = {isa = PBXBuildFile; fileRef = 75D2875C1F1BC5C1001796D3 /* Main.storyboard */; };
		75D287601F1BC5C1001796D3 /* Assets.xcassets in Resources */ = {isa = PBXBuildFile; fileRef = 75D2875F1F1BC5C1001796D3 /* Assets.xcassets */; };
		75D287631F1BC5C1001796D3 /* LaunchScreen.storyboard in Resources */ = {isa = PBXBuildFile; fileRef = 75D287611F1BC5C1001796D3 /* LaunchScreen.storyboard */; };
		75D287701F1BC7F9001796D3 /* Person.swift in Sources */ = {isa = PBXBuildFile; fileRef = 75D2876F1F1BC7F9001796D3 /* Person.swift */; };
		75D287721F1BCE8E001796D3 /* RoundedImageView.swift in Sources */ = {isa = PBXBuildFile; fileRef = 75D287711F1BCE8E001796D3 /* RoundedImageView.swift */; };
/* End PBXBuildFile section */

/* Begin PBXFileReference section */
		75D287551F1BC5C1001796D3 /* MVCTest.app */ = {isa = PBXFileReference; explicitFileType = wrapper.application; includeInIndex = 0; path = MVCTest.app; sourceTree = BUILT_PRODUCTS_DIR; };
		75D287581F1BC5C1001796D3 /* AppDelegate.swift */ = {isa = PBXFileReference; lastKnownFileType = sourcecode.swift; path = AppDelegate.swift; sourceTree = "<group>"; };
		75D2875A1F1BC5C1001796D3 /* ViewController.swift */ = {isa = PBXFileReference; lastKnownFileType = sourcecode.swift; path = ViewController.swift; sourceTree = "<group>"; };
		75D2875D1F1BC5C1001796D3 /* Base */ = {isa = PBXFileReference; lastKnownFileType = file.storyboard; name = Base; path = Base.lproj/Main.storyboard; sourceTree = "<group>"; };
		75D2875F1F1BC5C1001796D3 /* Assets.xcassets */ = {isa = PBXFileReference; lastKnownFileType = folder.assetcatalog; path = Assets.xcassets; sourceTree = "<group>"; };
		75D287621F1BC5C1001796D3 /* Base */ = {isa = PBXFileReference; lastKnownFileType = file.storyboard; name = Base; path = Base.lproj/LaunchScreen.storyboard; sourceTree = "<group>"; };
		75D287641F1BC5C1001796D3 /* Info.plist */ = {isa = PBXFileReference; lastKnownFileType = text.plist.xml; path = Info.plist; sourceTree = "<group>"; };
		75D2876F1F1BC7F9001796D3 /* Person.swift */ = {isa = PBXFileReference; fileEncoding = 4; lastKnownFileType = sourcecode.swift; path = Person.swift; sourceTree = "<group>"; };
		75D287711F1BCE8E001796D3 /* RoundedImageView.swift */ = {isa = PBXFileReference; fileEncoding = 4; lastKnownFileType = sourcecode.swift; path = RoundedImageView.swift; sourceTree = "<group>"; };
/* End PBXFileReference section */

/* Begin PBXFrameworksBuildPhase section */
		75D287521F1BC5C1001796D3 /* Frameworks */ = {
			isa = PBXFrameworksBuildPhase;
			buildActionMask = 2147483647;
			files = (
			);
			runOnlyForDeploymentPostprocessing = 0;
		};
/* End PBXFrameworksBuildPhase section */

/* Begin PBXGroup section */
		75D2874C1F1BC5C1001796D3 = {
			isa = PBXGroup;
			children = (
				75D287571F1BC5C1001796D3 /* MVCTest */,
				75D287561F1BC5C1001796D3 /* Products */,
			);
			sourceTree = "<group>";
		};
		75D287561F1BC5C1001796D3 /* Products */ = {
			isa = PBXGroup;
			children = (
				75D287551F1BC5C1001796D3 /* MVCTest.app */,
			);
			name = Products;
			sourceTree = "<group>";
		};
		75D287571F1BC5C1001796D3 /* MVCTest */ = {
			isa = PBXGroup;
			children = (
				75D2876E1F1BC7E4001796D3 /* Util */,
				75D2876D1F1BC7D9001796D3 /* Resources */,
				75D2876C1F1BC72B001796D3 /* Controller */,
				75D2876B1F1BC725001796D3 /* View */,
				75D2876A1F1BC71E001796D3 /* Model */,
				75D287581F1BC5C1001796D3 /* AppDelegate.swift */,
				75D2875A1F1BC5C1001796D3 /* ViewController.swift */,
				75D2875C1F1BC5C1001796D3 /* Main.storyboard */,
				75D2875F1F1BC5C1001796D3 /* Assets.xcassets */,
				75D287611F1BC5C1001796D3 /* LaunchScreen.storyboard */,
				75D287641F1BC5C1001796D3 /* Info.plist */,
			);
			path = MVCTest;
			sourceTree = "<group>";
		};
		75D2876A1F1BC71E001796D3 /* Model */ = {
			isa = PBXGroup;
			children = (
				75D2876F1F1BC7F9001796D3 /* Person.swift */,
			);
			name = Model;
			sourceTree = "<group>";
		};
		75D2876B1F1BC725001796D3 /* View */ = {
			isa = PBXGroup;
			children = (
				75D287711F1BCE8E001796D3 /* RoundedImageView.swift */,
			);
			name = View;
			sourceTree = "<group>";
		};
		75D2876C1F1BC72B001796D3 /* Controller */ = {
			isa = PBXGroup;
			children = (
			);
			name = Controller;
			sourceTree = "<group>";
		};
		75D2876D1F1BC7D9001796D3 /* Resources */ = {
			isa = PBXGroup;
			children = (
			);
			name = Resources;
			sourceTree = "<group>";
		};
		75D2876E1F1BC7E4001796D3 /* Util */ = {
			isa = PBXGroup;
			children = (
			);
			name = Util;
			sourceTree = "<group>";
		};
/* End PBXGroup section */

/* Begin PBXNativeTarget section */
		75D287541F1BC5C1001796D3 /* MVCTest */ = {
			isa = PBXNativeTarget;
			buildConfigurationList = 75D287671F1BC5C1001796D3 /* Build configuration list for PBXNativeTarget "MVCTest" */;
			buildPhases = (
				75D287511F1BC5C1001796D3 /* Sources */,
				75D287521F1BC5C1001796D3 /* Frameworks */,
				75D287531F1BC5C1001796D3 /* Resources */,
			);
			buildRules = (
			);
			dependencies = (
			);
			name = MVCTest;
			productName = MVCTest;
			productReference = 75D287551F1BC5C1001796D3 /* MVCTest.app */;
			productType = "com.apple.product-type.application";
		};
/* End PBXNativeTarget section */

/* Begin PBXProject section */
		75D2874D1F1BC5C1001796D3 /* Project object */ = {
			isa = PBXProject;
			attributes = {
				LastSwiftUpdateCheck = 0830;
				LastUpgradeCheck = 0830;
				ORGANIZATIONNAME = "Settar Hummetli";
				TargetAttributes = {
					75D287541F1BC5C1001796D3 = {
						CreatedOnToolsVersion = 8.3.3;
						DevelopmentTeam = AJ4LU8WZ2B;
						ProvisioningStyle = Automatic;
					};
				};
			};
			buildConfigurationList = 75D287501F1BC5C1001796D3 /* Build configuration list for PBXProject "MVCTest" */;
			compatibilityVersion = "Xcode 3.2";
			developmentRegion = English;
			hasScannedForEncodings = 0;
			knownRegions = (
				en,
				Base,
			);
			mainGroup = 75D2874C1F1BC5C1001796D3;
			productRefGroup = 75D287561F1BC5C1001796D3 /* Products */;
			projectDirPath = "";
			projectRoot = "";
			targets = (
				75D287541F1BC5C1001796D3 /* MVCTest */,
			);
		};
/* End PBXProject section */

/* Begin PBXResourcesBuildPhase section */
		75D287531F1BC5C1001796D3 /* Resources */ = {
			isa = PBXResourcesBuildPhase;
			buildActionMask = 2147483647;
			files = (
				75D287631F1BC5C1001796D3 /* LaunchScreen.storyboard in Resources */,
				75D287601F1BC5C1001796D3 /* Assets.xcassets in Resources */,
				75D2875E1F1BC5C1001796D3 /* Main.storyboard in Resources */,
			);
			runOnlyForDeploymentPostprocessing = 0;
		};
/* End PBXResourcesBuildPhase section */

/* Begin PBXSourcesBuildPhase section */
		75D287511F1BC5C1001796D3 /* Sources */ = {
			isa = PBXSourcesBuildPhase;
			buildActionMask = 2147483647;
			files = (
				75D287721F1BCE8E001796D3 /* RoundedImageView.swift in Sources */,
				75D287701F1BC7F9001796D3 /* Person.swift in Sources */,
				75D2875B1F1BC5C1001796D3 /* ViewController.swift in Sources */,
				75D287591F1BC5C1001796D3 /* AppDelegate.swift in Sources */,
			);
			runOnlyForDeploymentPostprocessing = 0;
		};
/* End PBXSourcesBuildPhase section */

/* Begin PBXVariantGroup section */
		75D2875C1F1BC5C1001796D3 /* Main.storyboard */ = {
			isa = PBXVariantGroup;
			children = (
				75D2875D1F1BC5C1001796D3 /* Base */,
			);
			name = Main.storyboard;
			sourceTree = "<group>";
		};
		75D287611F1BC5C1001796D3 /* LaunchScreen.storyboard */ = {
			isa = PBXVariantGroup;
			children = (
				75D287621F1BC5C1001796D3 /* Base */,
			);
			name = LaunchScreen.storyboard;
			sourceTree = "<group>";
		};
/* End PBXVariantGroup section */

/* Begin XCBuildConfiguration section */
		75D287651F1BC5C1001796D3 /* Debug */ = {
			isa = XCBuildConfiguration;
			buildSettings = {
				ALWAYS_SEARCH_USER_PATHS = NO;
				CLANG_ANALYZER_NONNULL = YES;
				CLANG_ANALYZER_NUMBER_OBJECT_CONVERSION = YES_AGGRESSIVE;
				CLANG_CXX_LANGUAGE_STANDARD = "gnu++0x";
				CLANG_CXX_LIBRARY = "libc++";
				CLANG_ENABLE_MODULES = YES;
				CLANG_ENABLE_OBJC_ARC = YES;
				CLANG_WARN_BOOL_CONVERSION = YES;
				CLANG_WARN_CONSTANT_CONVERSION = YES;
				CLANG_WARN_DIRECT_OBJC_ISA_USAGE = YES_ERROR;
				CLANG_WARN_DOCUMENTATION_COMMENTS = YES;
				CLANG_WARN_EMPTY_BODY = YES;
				CLANG_WARN_ENUM_CONVERSION = YES;
				CLANG_WARN_INFINITE_RECURSION = YES;
				CLANG_WARN_INT_CONVERSION = YES;
				CLANG_WARN_OBJC_ROOT_CLASS = YES_ERROR;
				CLANG_WARN_SUSPICIOUS_MOVE = YES;
				CLANG_WARN_UNREACHABLE_CODE = YES;
				CLANG_WARN__DUPLICATE_METHOD_MATCH = YES;
				"CODE_SIGN_IDENTITY[sdk=iphoneos*]" = "iPhone Developer";
				COPY_PHASE_STRIP = NO;
				DEBUG_INFORMATION_FORMAT = dwarf;
				ENABLE_STRICT_OBJC_MSGSEND = YES;
				ENABLE_TESTABILITY = YES;
				GCC_C_LANGUAGE_STANDARD = gnu99;
				GCC_DYNAMIC_NO_PIC = NO;
				GCC_NO_COMMON_BLOCKS = YES;
				GCC_OPTIMIZATION_LEVEL = 0;
				GCC_PREPROCESSOR_DEFINITIONS = (
					"DEBUG=1",
					"$(inherited)",
				);
				GCC_WARN_64_TO_32_BIT_CONVERSION = YES;
				GCC_WARN_ABOUT_RETURN_TYPE = YES_ERROR;
				GCC_WARN_UNDECLARED_SELECTOR = YES;
				GCC_WARN_UNINITIALIZED_AUTOS = YES_AGGRESSIVE;
				GCC_WARN_UNUSED_FUNCTION = YES;
				GCC_WARN_UNUSED_VARIABLE = YES;
				IPHONEOS_DEPLOYMENT_TARGET = 10.3;
				MTL_ENABLE_DEBUG_INFO = YES;
				ONLY_ACTIVE_ARCH = YES;
				SDKROOT = iphoneos;
				SWIFT_ACTIVE_COMPILATION_CONDITIONS = DEBUG;
				SWIFT_OPTIMIZATION_LEVEL = "-Onone";
				TARGETED_DEVICE_FAMILY = "1,2";
			};
			name = Debug;
		};
		75D287661F1BC5C1001796D3 /* Release */ = {
			isa = XCBuildConfiguration;
			buildSettings = {
				ALWAYS_SEARCH_USER_PATHS = NO;
				CLANG_ANALYZER_NONNULL = YES;
				CLANG_ANALYZER_NUMBER_OBJECT_CONVERSION = YES_AGGRESSIVE;
				CLANG_CXX_LANGUAGE_STANDARD = "gnu++0x";
				CLANG_CXX_LIBRARY = "libc++";
				CLANG_ENABLE_MODULES = YES;
				CLANG_ENABLE_OBJC_ARC = YES;
				CLANG_WARN_BOOL_CONVERSION = YES;
				CLANG_WARN_CONSTANT_CONVERSION = YES;
				CLANG_WARN_DIRECT_OBJC_ISA_USAGE = YES_ERROR;
				CLANG_WARN_DOCUMENTATION_COMMENTS = YES;
				CLANG_WARN_EMPTY_BODY = YES;
				CLANG_WARN_ENUM_CONVERSION = YES;
				CLANG_WARN_INFINITE_RECURSION = YES;
				CLANG_WARN_INT_CONVERSION = YES;
				CLANG_WARN_OBJC_ROOT_CLASS = YES_ERROR;
				CLANG_WARN_SUSPICIOUS_MOVE = YES;
				CLANG_WARN_UNREACHABLE_CODE = YES;
				CLANG_WARN__DUPLICATE_METHOD_MATCH = YES;
				"CODE_SIGN_IDENTITY[sdk=iphoneos*]" = "iPhone Developer";
				COPY_PHASE_STRIP = NO;
				DEBUG_INFORMATION_FORMAT = "dwarf-with-dsym";
				ENABLE_NS_ASSERTIONS = NO;
				ENABLE_STRICT_OBJC_MSGSEND = YES;
				GCC_C_LANGUAGE_STANDARD = gnu99;
				GCC_NO_COMMON_BLOCKS = YES;
				GCC_WARN_64_TO_32_BIT_CONVERSION = YES;
				GCC_WARN_ABOUT_RETURN_TYPE = YES_ERROR;
				GCC_WARN_UNDECLARED_SELECTOR = YES;
				GCC_WARN_UNINITIALIZED_AUTOS = YES_AGGRESSIVE;
				GCC_WARN_UNUSED_FUNCTION = YES;
				GCC_WARN_UNUSED_VARIABLE = YES;
				IPHONEOS_DEPLOYMENT_TARGET = 10.3;
				MTL_ENABLE_DEBUG_INFO = NO;
				SDKROOT = iphoneos;
				SWIFT_OPTIMIZATION_LEVEL = "-Owholemodule";
				TARGETED_DEVICE_FAMILY = "1,2";
				VALIDATE_PRODUCT = YES;
			};
			name = Release;
		};
		75D287681F1BC5C1001796D3 /* Debug */ = {
			isa = XCBuildConfiguration;
			buildSettings = {
				ASSETCATALOG_COMPILER_APPICON_NAME = AppIcon;
				DEVELOPMENT_TEAM = AJ4LU8WZ2B;
				INFOPLIST_FILE = MVCTest/Info.plist;
				LD_RUNPATH_SEARCH_PATHS = "$(inherited) @executable_path/Frameworks";
				PRODUCT_BUNDLE_IDENTIFIER = com.hummatli.MVCTest;
				PRODUCT_NAME = "$(TARGET_NAME)";
				SWIFT_VERSION = 3.0;
			};
			name = Debug;
		};
		75D287691F1BC5C1001796D3 /* Release */ = {
			isa = XCBuildConfiguration;
			buildSettings = {
				ASSETCATALOG_COMPILER_APPICON_NAME = AppIcon;
				DEVELOPMENT_TEAM = AJ4LU8WZ2B;
				INFOPLIST_FILE = MVCTest/Info.plist;
				LD_RUNPATH_SEARCH_PATHS = "$(inherited) @executable_path/Frameworks";
				PRODUCT_BUNDLE_IDENTIFIER = com.hummatli.MVCTest;
				PRODUCT_NAME = "$(TARGET_NAME)";
				SWIFT_VERSION = 3.0;
			};
			name = Release;
		};
/* End XCBuildConfiguration section */

/* Begin XCConfigurationList section */
		75D287501F1BC5C1001796D3 /* Build configuration list for PBXProject "MVCTest" */ = {
			isa = XCConfigurationList;
			buildConfigurations = (
				75D287651F1BC5C1001796D3 /* Debug */,
				75D287661F1BC5C1001796D3 /* Release */,
			);
			defaultConfigurationIsVisible = 0;
			defaultConfigurationName = Release;
		};
		75D287671F1BC5C1001796D3 /* Build configuration list for PBXNativeTarget "MVCTest" */ = {
			isa = XCConfigurationList;
			buildConfigurations = (
				75D287681F1BC5C1001796D3 /* Debug */,
				75D287691F1BC5C1001796D3 /* Release */,
			);
			defaultConfigurationIsVisible = 0;
		};
/* End XCConfigurationList section */
	};
	rootObject = 75D2874D1F1BC5C1001796D3 /* Project object */;
}
