// !$*UTF8*$!
{
	archiveVersion = 1;
	classes = {
	};
	objectVersion = 46;
	objects = {

/* Begin PBXBuildFile section */
		75E44F261F18B94300AC1544 /* AppDelegate.swift in Sources */ = {isa = PBXBuildFile; fileRef = 75E44F251F18B94300AC1544 /* AppDelegate.swift */; };
		75E44F281F18B94300AC1544 /* ViewController.swift in Sources */ = {isa = PBXBuildFile; fileRef = 75E44F271F18B94300AC1544 /* ViewController.swift */; };
		75E44F2B1F18B94300AC1544 /* Main.storyboard in Resources */ = {isa = PBXBuildFile; fileRef = 75E44F291F18B94300AC1544 /* Main.storyboard */; };
		75E44F2D1F18B94300AC1544 /* Assets.xcassets in Resources */ = {isa = PBXBuildFile; fileRef = 75E44F2C1F18B94300AC1544 /* Assets.xcassets */; };
		75E44F301F18B94300AC1544 /* LaunchScreen.storyboard in Resources */ = {isa = PBXBuildFile; fileRef = 75E44F2E1F18B94300AC1544 /* LaunchScreen.storyboard */; };
		75E44F3B1F18B94300AC1544 /* MiraclePillTests.swift in Sources */ = {isa = PBXBuildFile; fileRef = 75E44F3A1F18B94300AC1544 /* MiraclePillTests.swift */; };
		75E44F461F18B94300AC1544 /* MiraclePillUITests.swift in Sources */ = {isa = PBXBuildFile; fileRef = 75E44F451F18B94300AC1544 /* MiraclePillUITests.swift */; };
/* End PBXBuildFile section */

/* Begin PBXContainerItemProxy section */
		75E44F371F18B94300AC1544 /* PBXContainerItemProxy */ = {
			isa = PBXContainerItemProxy;
			containerPortal = 75E44F1A1F18B94300AC1544 /* Project object */;
			proxyType = 1;
			remoteGlobalIDString = 75E44F211F18B94300AC1544;
			remoteInfo = MiraclePill;
		};
		75E44F421F18B94300AC1544 /* PBXContainerItemProxy */ = {
			isa = PBXContainerItemProxy;
			containerPortal = 75E44F1A1F18B94300AC1544 /* Project object */;
			proxyType = 1;
			remoteGlobalIDString = 75E44F211F18B94300AC1544;
			remoteInfo = MiraclePill;
		};
/* End PBXContainerItemProxy section */

/* Begin PBXFileReference section */
		75E44F221F18B94300AC1544 /* MiraclePill.app */ = {isa = PBXFileReference; explicitFileType = wrapper.application; includeInIndex = 0; path = MiraclePill.app; sourceTree = BUILT_PRODUCTS_DIR; };
		75E44F251F18B94300AC1544 /* AppDelegate.swift */ = {isa = PBXFileReference; lastKnownFileType = sourcecode.swift; path = AppDelegate.swift; sourceTree = "<group>"; };
		75E44F271F18B94300AC1544 /* ViewController.swift */ = {isa = PBXFileReference; lastKnownFileType = sourcecode.swift; path = ViewController.swift; sourceTree = "<group>"; };
		75E44F2A1F18B94300AC1544 /* Base */ = {isa = PBXFileReference; lastKnownFileType = file.storyboard; name = Base; path = Base.lproj/Main.storyboard; sourceTree = "<group>"; };
		75E44F2C1F18B94300AC1544 /* Assets.xcassets */ = {isa = PBXFileReference; lastKnownFileType = folder.assetcatalog; path = Assets.xcassets; sourceTree = "<group>"; };
		75E44F2F1F18B94300AC1544 /* Base */ = {isa = PBXFileReference; lastKnownFileType = file.storyboard; name = Base; path = Base.lproj/LaunchScreen.storyboard; sourceTree = "<group>"; };
		75E44F311F18B94300AC1544 /* Info.plist */ = {isa = PBXFileReference; lastKnownFileType = text.plist.xml; path = Info.plist; sourceTree = "<group>"; };
		75E44F361F18B94300AC1544 /* MiraclePillTests.xctest */ = {isa = PBXFileReference; explicitFileType = wrapper.cfbundle; includeInIndex = 0; path = MiraclePillTests.xctest; sourceTree = BUILT_PRODUCTS_DIR; };
		75E44F3A1F18B94300AC1544 /* MiraclePillTests.swift */ = {isa = PBXFileReference; lastKnownFileType = sourcecode.swift; path = MiraclePillTests.swift; sourceTree = "<group>"; };
		75E44F3C1F18B94300AC1544 /* Info.plist */ = {isa = PBXFileReference; lastKnownFileType = text.plist.xml; path = Info.plist; sourceTree = "<group>"; };
		75E44F411F18B94300AC1544 /* MiraclePillUITests.xctest */ = {isa = PBXFileReference; explicitFileType = wrapper.cfbundle; includeInIndex = 0; path = MiraclePillUITests.xctest; sourceTree = BUILT_PRODUCTS_DIR; };
		75E44F451F18B94300AC1544 /* MiraclePillUITests.swift */ = {isa = PBXFileReference; lastKnownFileType = sourcecode.swift; path = MiraclePillUITests.swift; sourceTree = "<group>"; };
		75E44F471F18B94300AC1544 /* Info.plist */ = {isa = PBXFileReference; lastKnownFileType = text.plist.xml; path = Info.plist; sourceTree = "<group>"; };
/* End PBXFileReference section */

/* Begin PBXFrameworksBuildPhase section */
		75E44F1F1F18B94300AC1544 /* Frameworks */ = {
			isa = PBXFrameworksBuildPhase;
			buildActionMask = 2147483647;
			files = (
			);
			runOnlyForDeploymentPostprocessing = 0;
		};
		75E44F331F18B94300AC1544 /* Frameworks */ = {
			isa = PBXFrameworksBuildPhase;
			buildActionMask = 2147483647;
			files = (
			);
			runOnlyForDeploymentPostprocessing = 0;
		};
		75E44F3E1F18B94300AC1544 /* Frameworks */ = {
			isa = PBXFrameworksBuildPhase;
			buildActionMask = 2147483647;
			files = (
			);
			runOnlyForDeploymentPostprocessing = 0;
		};
/* End PBXFrameworksBuildPhase section */

/* Begin PBXGroup section */
		75E44F191F18B94300AC1544 = {
			isa = PBXGroup;
			children = (
				75E44F241F18B94300AC1544 /* MiraclePill */,
				75E44F391F18B94300AC1544 /* MiraclePillTests */,
				75E44F441F18B94300AC1544 /* MiraclePillUITests */,
				75E44F231F18B94300AC1544 /* Products */,
			);
			sourceTree = "<group>";
		};
		75E44F231F18B94300AC1544 /* Products */ = {
			isa = PBXGroup;
			children = (
				75E44F221F18B94300AC1544 /* MiraclePill.app */,
				75E44F361F18B94300AC1544 /* MiraclePillTests.xctest */,
				75E44F411F18B94300AC1544 /* MiraclePillUITests.xctest */,
			);
			name = Products;
			sourceTree = "<group>";
		};
		75E44F241F18B94300AC1544 /* MiraclePill */ = {
			isa = PBXGroup;
			children = (
				75E44F251F18B94300AC1544 /* AppDelegate.swift */,
				75E44F271F18B94300AC1544 /* ViewController.swift */,
				75E44F291F18B94300AC1544 /* Main.storyboard */,
				75E44F2C1F18B94300AC1544 /* Assets.xcassets */,
				75E44F2E1F18B94300AC1544 /* LaunchScreen.storyboard */,
				75E44F311F18B94300AC1544 /* Info.plist */,
			);
			path = MiraclePill;
			sourceTree = "<group>";
		};
		75E44F391F18B94300AC1544 /* MiraclePillTests */ = {
			isa = PBXGroup;
			children = (
				75E44F3A1F18B94300AC1544 /* MiraclePillTests.swift */,
				75E44F3C1F18B94300AC1544 /* Info.plist */,
			);
			path = MiraclePillTests;
			sourceTree = "<group>";
		};
		75E44F441F18B94300AC1544 /* MiraclePillUITests */ = {
			isa = PBXGroup;
			children = (
				75E44F451F18B94300AC1544 /* MiraclePillUITests.swift */,
				75E44F471F18B94300AC1544 /* Info.plist */,
			);
			path = MiraclePillUITests;
			sourceTree = "<group>";
		};
/* End PBXGroup section */

/* Begin PBXNativeTarget section */
		75E44F211F18B94300AC1544 /* MiraclePill */ = {
			isa = PBXNativeTarget;
			buildConfigurationList = 75E44F4A1F18B94300AC1544 /* Build configuration list for PBXNativeTarget "MiraclePill" */;
			buildPhases = (
				75E44F1E1F18B94300AC1544 /* Sources */,
				75E44F1F1F18B94300AC1544 /* Frameworks */,
				75E44F201F18B94300AC1544 /* Resources */,
			);
			buildRules = (
			);
			dependencies = (
			);
			name = MiraclePill;
			productName = MiraclePill;
			productReference = 75E44F221F18B94300AC1544 /* MiraclePill.app */;
			productType = "com.apple.product-type.application";
		};
		75E44F351F18B94300AC1544 /* MiraclePillTests */ = {
			isa = PBXNativeTarget;
			buildConfigurationList = 75E44F4D1F18B94300AC1544 /* Build configuration list for PBXNativeTarget "MiraclePillTests" */;
			buildPhases = (
				75E44F321F18B94300AC1544 /* Sources */,
				75E44F331F18B94300AC1544 /* Frameworks */,
				75E44F341F18B94300AC1544 /* Resources */,
			);
			buildRules = (
			);
			dependencies = (
				75E44F381F18B94300AC1544 /* PBXTargetDependency */,
			);
			name = MiraclePillTests;
			productName = MiraclePillTests;
			productReference = 75E44F361F18B94300AC1544 /* MiraclePillTests.xctest */;
			productType = "com.apple.product-type.bundle.unit-test";
		};
		75E44F401F18B94300AC1544 /* MiraclePillUITests */ = {
			isa = PBXNativeTarget;
			buildConfigurationList = 75E44F501F18B94300AC1544 /* Build configuration list for PBXNativeTarget "MiraclePillUITests" */;
			buildPhases = (
				75E44F3D1F18B94300AC1544 /* Sources */,
				75E44F3E1F18B94300AC1544 /* Frameworks */,
				75E44F3F1F18B94300AC1544 /* Resources */,
			);
			buildRules = (
			);
			dependencies = (
				75E44F431F18B94300AC1544 /* PBXTargetDependency */,
			);
			name = MiraclePillUITests;
			productName = MiraclePillUITests;
			productReference = 75E44F411F18B94300AC1544 /* MiraclePillUITests.xctest */;
			productType = "com.apple.product-type.bundle.ui-testing";
		};
/* End PBXNativeTarget section */

/* Begin PBXProject section */
		75E44F1A1F18B94300AC1544 /* Project object */ = {
			isa = PBXProject;
			attributes = {
				LastSwiftUpdateCheck = 0830;
				LastUpgradeCheck = 0830;
				ORGANIZATIONNAME = "Settar Hummetli";
				TargetAttributes = {
					75E44F211F18B94300AC1544 = {
						CreatedOnToolsVersion = 8.3.3;
						DevelopmentTeam = AJ4LU8WZ2B;
						ProvisioningStyle = Automatic;
					};
					75E44F351F18B94300AC1544 = {
						CreatedOnToolsVersion = 8.3.3;
						DevelopmentTeam = AJ4LU8WZ2B;
						ProvisioningStyle = Automatic;
						TestTargetID = 75E44F211F18B94300AC1544;
					};
					75E44F401F18B94300AC1544 = {
						CreatedOnToolsVersion = 8.3.3;
						DevelopmentTeam = AJ4LU8WZ2B;
						ProvisioningStyle = Automatic;
						TestTargetID = 75E44F211F18B94300AC1544;
					};
				};
			};
			buildConfigurationList = 75E44F1D1F18B94300AC1544 /* Build configuration list for PBXProject "MiraclePill" */;
			compatibilityVersion = "Xcode 3.2";
			developmentRegion = English;
			hasScannedForEncodings = 0;
			knownRegions = (
				en,
				Base,
			);
			mainGroup = 75E44F191F18B94300AC1544;
			productRefGroup = 75E44F231F18B94300AC1544 /* Products */;
			projectDirPath = "";
			projectRoot = "";
			targets = (
				75E44F211F18B94300AC1544 /* MiraclePill */,
				75E44F351F18B94300AC1544 /* MiraclePillTests */,
				75E44F401F18B94300AC1544 /* MiraclePillUITests */,
			);
		};
/* End PBXProject section */

/* Begin PBXResourcesBuildPhase section */
		75E44F201F18B94300AC1544 /* Resources */ = {
			isa = PBXResourcesBuildPhase;
			buildActionMask = 2147483647;
			files = (
				75E44F301F18B94300AC1544 /* LaunchScreen.storyboard in Resources */,
				75E44F2D1F18B94300AC1544 /* Assets.xcassets in Resources */,
				75E44F2B1F18B94300AC1544 /* Main.storyboard in Resources */,
			);
			runOnlyForDeploymentPostprocessing = 0;
		};
		75E44F341F18B94300AC1544 /* Resources */ = {
			isa = PBXResourcesBuildPhase;
			buildActionMask = 2147483647;
			files = (
			);
			runOnlyForDeploymentPostprocessing = 0;
		};
		75E44F3F1F18B94300AC1544 /* Resources */ = {
			isa = PBXResourcesBuildPhase;
			buildActionMask = 2147483647;
			files = (
			);
			runOnlyForDeploymentPostprocessing = 0;
		};
/* End PBXResourcesBuildPhase section */

/* Begin PBXSourcesBuildPhase section */
		75E44F1E1F18B94300AC1544 /* Sources */ = {
			isa = PBXSourcesBuildPhase;
			buildActionMask = 2147483647;
			files = (
				75E44F281F18B94300AC1544 /* ViewController.swift in Sources */,
				75E44F261F18B94300AC1544 /* AppDelegate.swift in Sources */,
			);
			runOnlyForDeploymentPostprocessing = 0;
		};
		75E44F321F18B94300AC1544 /* Sources */ = {
			isa = PBXSourcesBuildPhase;
			buildActionMask = 2147483647;
			files = (
				75E44F3B1F18B94300AC1544 /* MiraclePillTests.swift in Sources */,
			);
			runOnlyForDeploymentPostprocessing = 0;
		};
		75E44F3D1F18B94300AC1544 /* Sources */ = {
			isa = PBXSourcesBuildPhase;
			buildActionMask = 2147483647;
			files = (
				75E44F461F18B94300AC1544 /* MiraclePillUITests.swift in Sources */,
			);
			runOnlyForDeploymentPostprocessing = 0;
		};
/* End PBXSourcesBuildPhase section */

/* Begin PBXTargetDependency section */
		75E44F381F18B94300AC1544 /* PBXTargetDependency */ = {
			isa = PBXTargetDependency;
			target = 75E44F211F18B94300AC1544 /* MiraclePill */;
			targetProxy = 75E44F371F18B94300AC1544 /* PBXContainerItemProxy */;
		};
		75E44F431F18B94300AC1544 /* PBXTargetDependency */ = {
			isa = PBXTargetDependency;
			target = 75E44F211F18B94300AC1544 /* MiraclePill */;
			targetProxy = 75E44F421F18B94300AC1544 /* PBXContainerItemProxy */;
		};
/* End PBXTargetDependency section */

/* Begin PBXVariantGroup section */
		75E44F291F18B94300AC1544 /* Main.storyboard */ = {
			isa = PBXVariantGroup;
			children = (
				75E44F2A1F18B94300AC1544 /* Base */,
			);
			name = Main.storyboard;
			sourceTree = "<group>";
		};
		75E44F2E1F18B94300AC1544 /* LaunchScreen.storyboard */ = {
			isa = PBXVariantGroup;
			children = (
				75E44F2F1F18B94300AC1544 /* Base */,
			);
			name = LaunchScreen.storyboard;
			sourceTree = "<group>";
		};
/* End PBXVariantGroup section */

/* Begin XCBuildConfiguration section */
		75E44F481F18B94300AC1544 /* Debug */ = {
			isa = XCBuildConfiguration;
			buildSettings = {
				ALWAYS_SEARCH_USER_PATHS = NO;
				CLANG_ANALYZER_NONNULL = YES;
				CLANG_ANALYZER_NUMBER_OBJECT_CONVERSION = YES_AGGRESSIVE;
				CLANG_CXX_LANGUAGE_STANDARD = "gnu++0x";
				CLANG_CXX_LIBRARY = "libc++";
				CLANG_ENABLE_MODULES = YES;
				CLANG_ENABLE_OBJC_ARC = YES;
				CLANG_WARN_BOOL_CONVERSION = YES;
				CLANG_WARN_CONSTANT_CONVERSION = YES;
				CLANG_WARN_DIRECT_OBJC_ISA_USAGE = YES_ERROR;
				CLANG_WARN_DOCUMENTATION_COMMENTS = YES;
				CLANG_WARN_EMPTY_BODY = YES;
				CLANG_WARN_ENUM_CONVERSION = YES;
				CLANG_WARN_INFINITE_RECURSION = YES;
				CLANG_WARN_INT_CONVERSION = YES;
				CLANG_WARN_OBJC_ROOT_CLASS = YES_ERROR;
				CLANG_WARN_SUSPICIOUS_MOVE = YES;
				CLANG_WARN_UNREACHABLE_CODE = YES;
				CLANG_WARN__DUPLICATE_METHOD_MATCH = YES;
				"CODE_SIGN_IDENTITY[sdk=iphoneos*]" = "iPhone Developer";
				COPY_PHASE_STRIP = NO;
				DEBUG_INFORMATION_FORMAT = dwarf;
				ENABLE_STRICT_OBJC_MSGSEND = YES;
				ENABLE_TESTABILITY = YES;
				GCC_C_LANGUAGE_STANDARD = gnu99;
				GCC_DYNAMIC_NO_PIC = NO;
				GCC_NO_COMMON_BLOCKS = YES;
				GCC_OPTIMIZATION_LEVEL = 0;
				GCC_PREPROCESSOR_DEFINITIONS = (
					"DEBUG=1",
					"$(inherited)",
				);
				GCC_WARN_64_TO_32_BIT_CONVERSION = YES;
				GCC_WARN_ABOUT_RETURN_TYPE = YES_ERROR;
				GCC_WARN_UNDECLARED_SELECTOR = YES;
				GCC_WARN_UNINITIALIZED_AUTOS = YES_AGGRESSIVE;
				GCC_WARN_UNUSED_FUNCTION = YES;
				GCC_WARN_UNUSED_VARIABLE = YES;
				IPHONEOS_DEPLOYMENT_TARGET = 10.3;
				MTL_ENABLE_DEBUG_INFO = YES;
				ONLY_ACTIVE_ARCH = YES;
				SDKROOT = iphoneos;
				SWIFT_ACTIVE_COMPILATION_CONDITIONS = DEBUG;
				SWIFT_OPTIMIZATION_LEVEL = "-Onone";
				TARGETED_DEVICE_FAMILY = "1,2";
			};
			name = Debug;
		};
		75E44F491F18B94300AC1544 /* Release */ = {
			isa = XCBuildConfiguration;
			buildSettings = {
				ALWAYS_SEARCH_USER_PATHS = NO;
				CLANG_ANALYZER_NONNULL = YES;
				CLANG_ANALYZER_NUMBER_OBJECT_CONVERSION = YES_AGGRESSIVE;
				CLANG_CXX_LANGUAGE_STANDARD = "gnu++0x";
				CLANG_CXX_LIBRARY = "libc++";
				CLANG_ENABLE_MODULES = YES;
				CLANG_ENABLE_OBJC_ARC = YES;
				CLANG_WARN_BOOL_CONVERSION = YES;
				CLANG_WARN_CONSTANT_CONVERSION = YES;
				CLANG_WARN_DIRECT_OBJC_ISA_USAGE = YES_ERROR;
				CLANG_WARN_DOCUMENTATION_COMMENTS = YES;
				CLANG_WARN_EMPTY_BODY = YES;
				CLANG_WARN_ENUM_CONVERSION = YES;
				CLANG_WARN_INFINITE_RECURSION = YES;
				CLANG_WARN_INT_CONVERSION = YES;
				CLANG_WARN_OBJC_ROOT_CLASS = YES_ERROR;
				CLANG_WARN_SUSPICIOUS_MOVE = YES;
				CLANG_WARN_UNREACHABLE_CODE = YES;
				CLANG_WARN__DUPLICATE_METHOD_MATCH = YES;
				"CODE_SIGN_IDENTITY[sdk=iphoneos*]" = "iPhone Developer";
				COPY_PHASE_STRIP = NO;
				DEBUG_INFORMATION_FORMAT = "dwarf-with-dsym";
				ENABLE_NS_ASSERTIONS = NO;
				ENABLE_STRICT_OBJC_MSGSEND = YES;
				GCC_C_LANGUAGE_STANDARD = gnu99;
				GCC_NO_COMMON_BLOCKS = YES;
				GCC_WARN_64_TO_32_BIT_CONVERSION = YES;
				GCC_WARN_ABOUT_RETURN_TYPE = YES_ERROR;
				GCC_WARN_UNDECLARED_SELECTOR = YES;
				GCC_WARN_UNINITIALIZED_AUTOS = YES_AGGRESSIVE;
				GCC_WARN_UNUSED_FUNCTION = YES;
				GCC_WARN_UNUSED_VARIABLE = YES;
				IPHONEOS_DEPLOYMENT_TARGET = 10.3;
				MTL_ENABLE_DEBUG_INFO = NO;
				SDKROOT = iphoneos;
				SWIFT_OPTIMIZATION_LEVEL = "-Owholemodule";
				TARGETED_DEVICE_FAMILY = "1,2";
				VALIDATE_PRODUCT = YES;
			};
			name = Release;
		};
		75E44F4B1F18B94300AC1544 /* Debug */ = {
			isa = XCBuildConfiguration;
			buildSettings = {
				ASSETCATALOG_COMPILER_APPICON_NAME = AppIcon;
				DEVELOPMENT_TEAM = AJ4LU8WZ2B;
				INFOPLIST_FILE = MiraclePill/Info.plist;
				LD_RUNPATH_SEARCH_PATHS = "$(inherited) @executable_path/Frameworks";
				PRODUCT_BUNDLE_IDENTIFIER = hummatli.MiraclePill;
				PRODUCT_NAME = "$(TARGET_NAME)";
				SWIFT_VERSION = 3.0;
			};
			name = Debug;
		};
		75E44F4C1F18B94300AC1544 /* Release */ = {
			isa = XCBuildConfiguration;
			buildSettings = {
				ASSETCATALOG_COMPILER_APPICON_NAME = AppIcon;
				DEVELOPMENT_TEAM = AJ4LU8WZ2B;
				INFOPLIST_FILE = MiraclePill/Info.plist;
				LD_RUNPATH_SEARCH_PATHS = "$(inherited) @executable_path/Frameworks";
				PRODUCT_BUNDLE_IDENTIFIER = hummatli.MiraclePill;
				PRODUCT_NAME = "$(TARGET_NAME)";
				SWIFT_VERSION = 3.0;
			};
			name = Release;
		};
		75E44F4E1F18B94300AC1544 /* Debug */ = {
			isa = XCBuildConfiguration;
			buildSettings = {
				ALWAYS_EMBED_SWIFT_STANDARD_LIBRARIES = YES;
				BUNDLE_LOADER = "$(TEST_HOST)";
				DEVELOPMENT_TEAM = AJ4LU8WZ2B;
				INFOPLIST_FILE = MiraclePillTests/Info.plist;
				LD_RUNPATH_SEARCH_PATHS = "$(inherited) @executable_path/Frameworks @loader_path/Frameworks";
				PRODUCT_BUNDLE_IDENTIFIER = hummatli.MiraclePillTests;
				PRODUCT_NAME = "$(TARGET_NAME)";
				SWIFT_VERSION = 3.0;
				TEST_HOST = "$(BUILT_PRODUCTS_DIR)/MiraclePill.app/MiraclePill";
			};
			name = Debug;
		};
		75E44F4F1F18B94300AC1544 /* Release */ = {
			isa = XCBuildConfiguration;
			buildSettings = {
				ALWAYS_EMBED_SWIFT_STANDARD_LIBRARIES = YES;
				BUNDLE_LOADER = "$(TEST_HOST)";
				DEVELOPMENT_TEAM = AJ4LU8WZ2B;
				INFOPLIST_FILE = MiraclePillTests/Info.plist;
				LD_RUNPATH_SEARCH_PATHS = "$(inherited) @executable_path/Frameworks @loader_path/Frameworks";
				PRODUCT_BUNDLE_IDENTIFIER = hummatli.MiraclePillTests;
				PRODUCT_NAME = "$(TARGET_NAME)";
				SWIFT_VERSION = 3.0;
				TEST_HOST = "$(BUILT_PRODUCTS_DIR)/MiraclePill.app/MiraclePill";
			};
			name = Release;
		};
		75E44F511F18B94300AC1544 /* Debug */ = {
			isa = XCBuildConfiguration;
			buildSettings = {
				ALWAYS_EMBED_SWIFT_STANDARD_LIBRARIES = YES;
				DEVELOPMENT_TEAM = AJ4LU8WZ2B;
				INFOPLIST_FILE = MiraclePillUITests/Info.plist;
				LD_RUNPATH_SEARCH_PATHS = "$(inherited) @executable_path/Frameworks @loader_path/Frameworks";
				PRODUCT_BUNDLE_IDENTIFIER = hummatli.MiraclePillUITests;
				PRODUCT_NAME = "$(TARGET_NAME)";
				SWIFT_VERSION = 3.0;
				TEST_TARGET_NAME = MiraclePill;
			};
			name = Debug;
		};
		75E44F521F18B94300AC1544 /* Release */ = {
			isa = XCBuildConfiguration;
			buildSettings = {
				ALWAYS_EMBED_SWIFT_STANDARD_LIBRARIES = YES;
				DEVELOPMENT_TEAM = AJ4LU8WZ2B;
				INFOPLIST_FILE = MiraclePillUITests/Info.plist;
				LD_RUNPATH_SEARCH_PATHS = "$(inherited) @executable_path/Frameworks @loader_path/Frameworks";
				PRODUCT_BUNDLE_IDENTIFIER = hummatli.MiraclePillUITests;
				PRODUCT_NAME = "$(TARGET_NAME)";
				SWIFT_VERSION = 3.0;
				TEST_TARGET_NAME = MiraclePill;
			};
			name = Release;
		};
/* End XCBuildConfiguration section */

/* Begin XCConfigurationList section */
		75E44F1D1F18B94300AC1544 /* Build configuration list for PBXProject "MiraclePill" */ = {
			isa = XCConfigurationList;
			buildConfigurations = (
				75E44F481F18B94300AC1544 /* Debug */,
				75E44F491F18B94300AC1544 /* Release */,
			);
			defaultConfigurationIsVisible = 0;
			defaultConfigurationName = Release;
		};
		75E44F4A1F18B94300AC1544 /* Build configuration list for PBXNativeTarget "MiraclePill" */ = {
			isa = XCConfigurationList;
			buildConfigurations = (
				75E44F4B1F18B94300AC1544 /* Debug */,
				75E44F4C1F18B94300AC1544 /* Release */,
			);
			defaultConfigurationIsVisible = 0;
		};
		75E44F4D1F18B94300AC1544 /* Build configuration list for PBXNativeTarget "MiraclePillTests" */ = {
			isa = XCConfigurationList;
			buildConfigurations = (
				75E44F4E1F18B94300AC1544 /* Debug */,
				75E44F4F1F18B94300AC1544 /* Release */,
			);
			defaultConfigurationIsVisible = 0;
		};
		75E44F501F18B94300AC1544 /* Build configuration list for PBXNativeTarget "MiraclePillUITests" */ = {
			isa = XCConfigurationList;
			buildConfigurations = (
				75E44F511F18B94300AC1544 /* Debug */,
				75E44F521F18B94300AC1544 /* Release */,
			);
			defaultConfigurationIsVisible = 0;
		};
/* End XCConfigurationList section */
	};
	rootObject = 75E44F1A1F18B94300AC1544 /* Project object */;
}
