// !$*UTF8*$!
{
	archiveVersion = 1;
	classes = {
	};
	objectVersion = 46;
	objects = {

/* Begin PBXBuildFile section */
		75EFC9E81F1C760A001539FA /* AppDelegate.swift in Sources */ = {isa = PBXBuildFile; fileRef = 75EFC9E71F1C760A001539FA /* AppDelegate.swift */; };
		75EFC9EA1F1C760A001539FA /* ViewController.swift in Sources */ = {isa = PBXBuildFile; fileRef = 75EFC9E91F1C760A001539FA /* ViewController.swift */; };
		75EFC9ED1F1C760A001539FA /* Main.storyboard in Resources */ = {isa = PBXBuildFile; fileRef = 75EFC9EB1F1C760A001539FA /* Main.storyboard */; };
		75EFC9EF1F1C760A001539FA /* Assets.xcassets in Resources */ = {isa = PBXBuildFile; fileRef = 75EFC9EE1F1C760A001539FA /* Assets.xcassets */; };
		75EFC9F21F1C760A001539FA /* LaunchScreen.storyboard in Resources */ = {isa = PBXBuildFile; fileRef = 75EFC9F01F1C760A001539FA /* LaunchScreen.storyboard */; };
		75EFC9FD1F1C7747001539FA /* ProgressBarDraw.swift in Sources */ = {isa = PBXBuildFile; fileRef = 75EFC9FC1F1C7747001539FA /* ProgressBarDraw.swift */; };
		75EFC9FF1F1C7820001539FA /* ProgressBarView.swift in Sources */ = {isa = PBXBuildFile; fileRef = 75EFC9FE1F1C7820001539FA /* ProgressBarView.swift */; };
/* End PBXBuildFile section */

/* Begin PBXFileReference section */
		75EFC9E41F1C760A001539FA /* ProgressBarFun.app */ = {isa = PBXFileReference; explicitFileType = wrapper.application; includeInIndex = 0; path = ProgressBarFun.app; sourceTree = BUILT_PRODUCTS_DIR; };
		75EFC9E71F1C760A001539FA /* AppDelegate.swift */ = {isa = PBXFileReference; lastKnownFileType = sourcecode.swift; path = AppDelegate.swift; sourceTree = "<group>"; };
		75EFC9E91F1C760A001539FA /* ViewController.swift */ = {isa = PBXFileReference; lastKnownFileType = sourcecode.swift; path = ViewController.swift; sourceTree = "<group>"; };
		75EFC9EC1F1C760A001539FA /* Base */ = {isa = PBXFileReference; lastKnownFileType = file.storyboard; name = Base; path = Base.lproj/Main.storyboard; sourceTree = "<group>"; };
		75EFC9EE1F1C760A001539FA /* Assets.xcassets */ = {isa = PBXFileReference; lastKnownFileType = folder.assetcatalog; path = Assets.xcassets; sourceTree = "<group>"; };
		75EFC9F11F1C760A001539FA /* Base */ = {isa = PBXFileReference; lastKnownFileType = file.storyboard; name = Base; path = Base.lproj/LaunchScreen.storyboard; sourceTree = "<group>"; };
		75EFC9F31F1C760A001539FA /* Info.plist */ = {isa = PBXFileReference; lastKnownFileType = text.plist.xml; path = Info.plist; sourceTree = "<group>"; };
		75EFC9FC1F1C7747001539FA /* ProgressBarDraw.swift */ = {isa = PBXFileReference; fileEncoding = 4; lastKnownFileType = sourcecode.swift; path = ProgressBarDraw.swift; sourceTree = "<group>"; };
		75EFC9FE1F1C7820001539FA /* ProgressBarView.swift */ = {isa = PBXFileReference; fileEncoding = 4; lastKnownFileType = sourcecode.swift; path = ProgressBarView.swift; sourceTree = "<group>"; };
/* End PBXFileReference section */

/* Begin PBXFrameworksBuildPhase section */
		75EFC9E11F1C760A001539FA /* Frameworks */ = {
			isa = PBXFrameworksBuildPhase;
			buildActionMask = 2147483647;
			files = (
			);
			runOnlyForDeploymentPostprocessing = 0;
		};
/* End PBXFrameworksBuildPhase section */

/* Begin PBXGroup section */
		75EFC9DB1F1C760A001539FA = {
			isa = PBXGroup;
			children = (
				75EFC9E61F1C760A001539FA /* ProgressBarFun */,
				75EFC9E51F1C760A001539FA /* Products */,
			);
			sourceTree = "<group>";
		};
		75EFC9E51F1C760A001539FA /* Products */ = {
			isa = PBXGroup;
			children = (
				75EFC9E41F1C760A001539FA /* ProgressBarFun.app */,
			);
			name = Products;
			sourceTree = "<group>";
		};
		75EFC9E61F1C760A001539FA /* ProgressBarFun */ = {
			isa = PBXGroup;
			children = (
				75EFC9FB1F1C763F001539FA /* Model */,
				75EFC9FA1F1C7638001539FA /* View */,
				75EFC9F91F1C7630001539FA /* Controller */,
				75EFC9E71F1C760A001539FA /* AppDelegate.swift */,
				75EFC9EB1F1C760A001539FA /* Main.storyboard */,
				75EFC9EE1F1C760A001539FA /* Assets.xcassets */,
				75EFC9F01F1C760A001539FA /* LaunchScreen.storyboard */,
				75EFC9F31F1C760A001539FA /* Info.plist */,
			);
			path = ProgressBarFun;
			sourceTree = "<group>";
		};
		75EFC9F91F1C7630001539FA /* Controller */ = {
			isa = PBXGroup;
			children = (
				75EFC9E91F1C760A001539FA /* ViewController.swift */,
			);
			name = Controller;
			sourceTree = "<group>";
		};
		75EFC9FA1F1C7638001539FA /* View */ = {
			isa = PBXGroup;
			children = (
				75EFC9FC1F1C7747001539FA /* ProgressBarDraw.swift */,
				75EFC9FE1F1C7820001539FA /* ProgressBarView.swift */,
			);
			name = View;
			sourceTree = "<group>";
		};
		75EFC9FB1F1C763F001539FA /* Model */ = {
			isa = PBXGroup;
			children = (
			);
			name = Model;
			sourceTree = "<group>";
		};
/* End PBXGroup section */

/* Begin PBXNativeTarget section */
		75EFC9E31F1C760A001539FA /* ProgressBarFun */ = {
			isa = PBXNativeTarget;
			buildConfigurationList = 75EFC9F61F1C760A001539FA /* Build configuration list for PBXNativeTarget "ProgressBarFun" */;
			buildPhases = (
				75EFC9E01F1C760A001539FA /* Sources */,
				75EFC9E11F1C760A001539FA /* Frameworks */,
				75EFC9E21F1C760A001539FA /* Resources */,
			);
			buildRules = (
			);
			dependencies = (
			);
			name = ProgressBarFun;
			productName = ProgressBarFun;
			productReference = 75EFC9E41F1C760A001539FA /* ProgressBarFun.app */;
			productType = "com.apple.product-type.application";
		};
/* End PBXNativeTarget section */

/* Begin PBXProject section */
		75EFC9DC1F1C760A001539FA /* Project object */ = {
			isa = PBXProject;
			attributes = {
				LastSwiftUpdateCheck = 0830;
				LastUpgradeCheck = 0830;
				ORGANIZATIONNAME = "Settar Hummetli";
				TargetAttributes = {
					75EFC9E31F1C760A001539FA = {
						CreatedOnToolsVersion = 8.3.3;
						DevelopmentTeam = AJ4LU8WZ2B;
						ProvisioningStyle = Automatic;
					};
				};
			};
			buildConfigurationList = 75EFC9DF1F1C760A001539FA /* Build configuration list for PBXProject "ProgressBarFun" */;
			compatibilityVersion = "Xcode 3.2";
			developmentRegion = English;
			hasScannedForEncodings = 0;
			knownRegions = (
				en,
				Base,
			);
			mainGroup = 75EFC9DB1F1C760A001539FA;
			productRefGroup = 75EFC9E51F1C760A001539FA /* Products */;
			projectDirPath = "";
			projectRoot = "";
			targets = (
				75EFC9E31F1C760A001539FA /* ProgressBarFun */,
			);
		};
/* End PBXProject section */

/* Begin PBXResourcesBuildPhase section */
		75EFC9E21F1C760A001539FA /* Resources */ = {
			isa = PBXResourcesBuildPhase;
			buildActionMask = 2147483647;
			files = (
				75EFC9F21F1C760A001539FA /* LaunchScreen.storyboard in Resources */,
				75EFC9EF1F1C760A001539FA /* Assets.xcassets in Resources */,
				75EFC9ED1F1C760A001539FA /* Main.storyboard in Resources */,
			);
			runOnlyForDeploymentPostprocessing = 0;
		};
/* End PBXResourcesBuildPhase section */

/* Begin PBXSourcesBuildPhase section */
		75EFC9E01F1C760A001539FA /* Sources */ = {
			isa = PBXSourcesBuildPhase;
			buildActionMask = 2147483647;
			files = (
				75EFC9FD1F1C7747001539FA /* ProgressBarDraw.swift in Sources */,
				75EFC9FF1F1C7820001539FA /* ProgressBarView.swift in Sources */,
				75EFC9EA1F1C760A001539FA /* ViewController.swift in Sources */,
				75EFC9E81F1C760A001539FA /* AppDelegate.swift in Sources */,
			);
			runOnlyForDeploymentPostprocessing = 0;
		};
/* End PBXSourcesBuildPhase section */

/* Begin PBXVariantGroup section */
		75EFC9EB1F1C760A001539FA /* Main.storyboard */ = {
			isa = PBXVariantGroup;
			children = (
				75EFC9EC1F1C760A001539FA /* Base */,
			);
			name = Main.storyboard;
			sourceTree = "<group>";
		};
		75EFC9F01F1C760A001539FA /* LaunchScreen.storyboard */ = {
			isa = PBXVariantGroup;
			children = (
				75EFC9F11F1C760A001539FA /* Base */,
			);
			name = LaunchScreen.storyboard;
			sourceTree = "<group>";
		};
/* End PBXVariantGroup section */

/* Begin XCBuildConfiguration section */
		75EFC9F41F1C760A001539FA /* Debug */ = {
			isa = XCBuildConfiguration;
			buildSettings = {
				ALWAYS_SEARCH_USER_PATHS = NO;
				CLANG_ANALYZER_NONNULL = YES;
				CLANG_ANALYZER_NUMBER_OBJECT_CONVERSION = YES_AGGRESSIVE;
				CLANG_CXX_LANGUAGE_STANDARD = "gnu++0x";
				CLANG_CXX_LIBRARY = "libc++";
				CLANG_ENABLE_MODULES = YES;
				CLANG_ENABLE_OBJC_ARC = YES;
				CLANG_WARN_BOOL_CONVERSION = YES;
				CLANG_WARN_CONSTANT_CONVERSION = YES;
				CLANG_WARN_DIRECT_OBJC_ISA_USAGE = YES_ERROR;
				CLANG_WARN_DOCUMENTATION_COMMENTS = YES;
				CLANG_WARN_EMPTY_BODY = YES;
				CLANG_WARN_ENUM_CONVERSION = YES;
				CLANG_WARN_INFINITE_RECURSION = YES;
				CLANG_WARN_INT_CONVERSION = YES;
				CLANG_WARN_OBJC_ROOT_CLASS = YES_ERROR;
				CLANG_WARN_SUSPICIOUS_MOVE = YES;
				CLANG_WARN_UNREACHABLE_CODE = YES;
				CLANG_WARN__DUPLICATE_METHOD_MATCH = YES;
				"CODE_SIGN_IDENTITY[sdk=iphoneos*]" = "iPhone Developer";
				COPY_PHASE_STRIP = NO;
				DEBUG_INFORMATION_FORMAT = dwarf;
				ENABLE_STRICT_OBJC_MSGSEND = YES;
				ENABLE_TESTABILITY = YES;
				GCC_C_LANGUAGE_STANDARD = gnu99;
				GCC_DYNAMIC_NO_PIC = NO;
				GCC_NO_COMMON_BLOCKS = YES;
				GCC_OPTIMIZATION_LEVEL = 0;
				GCC_PREPROCESSOR_DEFINITIONS = (
					"DEBUG=1",
					"$(inherited)",
				);
				GCC_WARN_64_TO_32_BIT_CONVERSION = YES;
				GCC_WARN_ABOUT_RETURN_TYPE = YES_ERROR;
				GCC_WARN_UNDECLARED_SELECTOR = YES;
				GCC_WARN_UNINITIALIZED_AUTOS = YES_AGGRESSIVE;
				GCC_WARN_UNUSED_FUNCTION = YES;
				GCC_WARN_UNUSED_VARIABLE = YES;
				IPHONEOS_DEPLOYMENT_TARGET = 10.3;
				MTL_ENABLE_DEBUG_INFO = YES;
				ONLY_ACTIVE_ARCH = YES;
				SDKROOT = iphoneos;
				SWIFT_ACTIVE_COMPILATION_CONDITIONS = DEBUG;
				SWIFT_OPTIMIZATION_LEVEL = "-Onone";
				TARGETED_DEVICE_FAMILY = "1,2";
			};
			name = Debug;
		};
		75EFC9F51F1C760A001539FA /* Release */ = {
			isa = XCBuildConfiguration;
			buildSettings = {
				ALWAYS_SEARCH_USER_PATHS = NO;
				CLANG_ANALYZER_NONNULL = YES;
				CLANG_ANALYZER_NUMBER_OBJECT_CONVERSION = YES_AGGRESSIVE;
				CLANG_CXX_LANGUAGE_STANDARD = "gnu++0x";
				CLANG_CXX_LIBRARY = "libc++";
				CLANG_ENABLE_MODULES = YES;
				CLANG_ENABLE_OBJC_ARC = YES;
				CLANG_WARN_BOOL_CONVERSION = YES;
				CLANG_WARN_CONSTANT_CONVERSION = YES;
				CLANG_WARN_DIRECT_OBJC_ISA_USAGE = YES_ERROR;
				CLANG_WARN_DOCUMENTATION_COMMENTS = YES;
				CLANG_WARN_EMPTY_BODY = YES;
				CLANG_WARN_ENUM_CONVERSION = YES;
				CLANG_WARN_INFINITE_RECURSION = YES;
				CLANG_WARN_INT_CONVERSION = YES;
				CLANG_WARN_OBJC_ROOT_CLASS = YES_ERROR;
				CLANG_WARN_SUSPICIOUS_MOVE = YES;
				CLANG_WARN_UNREACHABLE_CODE = YES;
				CLANG_WARN__DUPLICATE_METHOD_MATCH = YES;
				"CODE_SIGN_IDENTITY[sdk=iphoneos*]" = "iPhone Developer";
				COPY_PHASE_STRIP = NO;
				DEBUG_INFORMATION_FORMAT = "dwarf-with-dsym";
				ENABLE_NS_ASSERTIONS = NO;
				ENABLE_STRICT_OBJC_MSGSEND = YES;
				GCC_C_LANGUAGE_STANDARD = gnu99;
				GCC_NO_COMMON_BLOCKS = YES;
				GCC_WARN_64_TO_32_BIT_CONVERSION = YES;
				GCC_WARN_ABOUT_RETURN_TYPE = YES_ERROR;
				GCC_WARN_UNDECLARED_SELECTOR = YES;
				GCC_WARN_UNINITIALIZED_AUTOS = YES_AGGRESSIVE;
				GCC_WARN_UNUSED_FUNCTION = YES;
				GCC_WARN_UNUSED_VARIABLE = YES;
				IPHONEOS_DEPLOYMENT_TARGET = 10.3;
				MTL_ENABLE_DEBUG_INFO = NO;
				SDKROOT = iphoneos;
				SWIFT_OPTIMIZATION_LEVEL = "-Owholemodule";
				TARGETED_DEVICE_FAMILY = "1,2";
				VALIDATE_PRODUCT = YES;
			};
			name = Release;
		};
		75EFC9F71F1C760A001539FA /* Debug */ = {
			isa = XCBuildConfiguration;
			buildSettings = {
				ASSETCATALOG_COMPILER_APPICON_NAME = AppIcon;
				DEVELOPMENT_TEAM = AJ4LU8WZ2B;
				INFOPLIST_FILE = ProgressBarFun/Info.plist;
				LD_RUNPATH_SEARCH_PATHS = "$(inherited) @executable_path/Frameworks";
				PRODUCT_BUNDLE_IDENTIFIER = com.hummatli.ProgressBarFun;
				PRODUCT_NAME = "$(TARGET_NAME)";
				SWIFT_VERSION = 3.0;
			};
			name = Debug;
		};
		75EFC9F81F1C760A001539FA /* Release */ = {
			isa = XCBuildConfiguration;
			buildSettings = {
				ASSETCATALOG_COMPILER_APPICON_NAME = AppIcon;
				DEVELOPMENT_TEAM = AJ4LU8WZ2B;
				INFOPLIST_FILE = ProgressBarFun/Info.plist;
				LD_RUNPATH_SEARCH_PATHS = "$(inherited) @executable_path/Frameworks";
				PRODUCT_BUNDLE_IDENTIFIER = com.hummatli.ProgressBarFun;
				PRODUCT_NAME = "$(TARGET_NAME)";
				SWIFT_VERSION = 3.0;
			};
			name = Release;
		};
/* End XCBuildConfiguration section */

/* Begin XCConfigurationList section */
		75EFC9DF1F1C760A001539FA /* Build configuration list for PBXProject "ProgressBarFun" */ = {
			isa = XCConfigurationList;
			buildConfigurations = (
				75EFC9F41F1C760A001539FA /* Debug */,
				75EFC9F51F1C760A001539FA /* Release */,
			);
			defaultConfigurationIsVisible = 0;
			defaultConfigurationName = Release;
		};
		75EFC9F61F1C760A001539FA /* Build configuration list for PBXNativeTarget "ProgressBarFun" */ = {
			isa = XCConfigurationList;
			buildConfigurations = (
				75EFC9F71F1C760A001539FA /* Debug */,
				75EFC9F81F1C760A001539FA /* Release */,
			);
			defaultConfigurationIsVisible = 0;
		};
/* End XCConfigurationList section */
	};
	rootObject = 75EFC9DC1F1C760A001539FA /* Project object */;
}
